
Microsoft Visual Studio Solution File, Format Version 12.00
# Visual Studio 2012
Project("{FAE04EC0-301F-11D3-BF4B-00C04F79EFBC}") = "DevBuddy", "DevBuddy.csproj", "{0FF00E27-7BF1-4154-8520-0F7D17ED7E25}"
EndProject
Global
	GlobalSection(TeamFoundationVersionControl) = preSolution
		SccNumberOfProjects = 2
		SccEnterpriseProvider = {4CA58AB2-18FA-4F8D-95D4-32DDF27D184C}
		SccTeamFoundationServer = http://172.16.102.103:8080/tfs/defaultcollection
		SccLocalPath0 = .
		SccProjectUniqueName1 = DevBuddy.csproj
		SccLocalPath1 = .
	EndGlobalSection
	GlobalSection(SolutionConfigurationPlatforms) = preSolution
		Debug|Any CPU = Debug|Any CPU
		Release|Any CPU = Release|Any CPU
	EndGlobalSection
	GlobalSection(ProjectConfigurationPlatforms) = postSolution
		{0FF00E27-7BF1-4154-8520-0F7D17ED7E25}.Debug|Any CPU.ActiveCfg = Debug|Any CPU
		{0FF00E27-7BF1-4154-8520-0F7D17ED7E25}.Debug|Any CPU.Build.0 = Debug|Any CPU
		{0FF00E27-7BF1-4154-8520-0F7D17ED7E25}.Release|Any CPU.ActiveCfg = Release|Any CPU
		{0FF00E27-7BF1-4154-8520-0F7D17ED7E25}.Release|Any CPU.Build.0 = Release|Any CPU
	EndGlobalSection
	GlobalSection(SolutionProperties) = preSolution
		HideSolutionNode = FALSE
	EndGlobalSection
EndGlobal
